
Microsoft Visual Studio Solution File, Format Version 12.00
# Visual Studio 15
VisualStudioVersion = 15.0.28307.1622
MinimumVisualStudioVersion = 10.0.40219.1
Project("{8BC9CEB8-8B4A-11D0-8D11-00A0C91BC942}") = "2_3", "2_3.vcxproj", "{33AF0380-E9BD-4C84-85E5-D6A1E312F349}"
EndProject
Global
	GlobalSection(SolutionConfigurationPlatforms) = preSolution
		Debug|x64 = Debug|x64
		Debug|x86 = Debug|x86
		Release|x64 = Release|x64
		Release|x86 = Release|x86
	EndGlobalSection
	GlobalSection(ProjectConfigurationPlatforms) = postSolution
		{33AF0380-E9BD-4C84-85E5-D6A1E312F349}.Debug|x64.ActiveCfg = Debug|x64
		{33AF0380-E9BD-4C84-85E5-D6A1E312F349}.Debug|x64.Build.0 = Debug|x64
		{33AF0380-E9BD-4C84-85E5-D6A1E312F349}.Debug|x86.ActiveCfg = Debug|Win32
		{33AF0380-E9BD-4C84-85E5-D6A1E312F349}.Debug|x86.Build.0 = Debug|Win32
		{33AF0380-E9BD-4C84-85E5-D6A1E312F349}.Release|x64.ActiveCfg = Release|x64
		{33AF0380-E9BD-4C84-85E5-D6A1E312F349}.Release|x64.Build.0 = Release|x64
		{33AF0380-E9BD-4C84-85E5-D6A1E312F349}.Release|x86.ActiveCfg = Release|Win32
		{33AF0380-E9BD-4C84-85E5-D6A1E312F349}.Release|x86.Build.0 = Release|Win32
	EndGlobalSection
	GlobalSection(SolutionProperties) = preSolution
		HideSolutionNode = FALSE
	EndGlobalSection
	GlobalSection(ExtensibilityGlobals) = postSolution
		SolutionGuid = {1E46D1BE-3EFE-41E8-A9D3-59E341AEE485}
	EndGlobalSection
EndGlobal
